
Microsoft Visual Studio Solution File, Format Version 12.00
# Visual Studio 15
VisualStudioVersion = 15.0.27130.2010
MinimumVisualStudioVersion = 10.0.40219.1
Project("{FAE04EC0-301F-11D3-BF4B-00C04F79EFBC}") = "SitecoreSolution.Web", "SitecoreSolution.Web\SitecoreSolution.Web.csproj", "{78E1EAE0-7237-49FA-A535-884B52ADF95D}"
EndProject
Global
	GlobalSection(SolutionConfigurationPlatforms) = preSolution
		Debug|Any CPU = Debug|Any CPU
		Release|Any CPU = Release|Any CPU
	EndGlobalSection
	GlobalSection(ProjectConfigurationPlatforms) = postSolution
		{78E1EAE0-7237-49FA-A535-884B52ADF95D}.Debug|Any CPU.ActiveCfg = Debug|Any CPU
		{78E1EAE0-7237-49FA-A535-884B52ADF95D}.Debug|Any CPU.Build.0 = Debug|Any CPU
		{78E1EAE0-7237-49FA-A535-884B52ADF95D}.Release|Any CPU.ActiveCfg = Release|Any CPU
		{78E1EAE0-7237-49FA-A535-884B52ADF95D}.Release|Any CPU.Build.0 = Release|Any CPU
	EndGlobalSection
	GlobalSection(SolutionProperties) = preSolution
		HideSolutionNode = FALSE
	EndGlobalSection
	GlobalSection(ExtensibilityGlobals) = postSolution
		SolutionGuid = {FADD3309-8ECA-44F1-8B1B-8D1009CD950D}
	EndGlobalSection
EndGlobal
